{
  "requires": true,
  "lockfileVersion": 1,
  "dependencies": {
    "@prettier/plugin-ruby": {
      "version": "4.0.4",
      "resolved": "https://registry.npmjs.org/@prettier/plugin-ruby/-/plugin-ruby-4.0.4.tgz",
      "integrity": "sha512-lCpvfS/dQU5WrwN3AQ5vR8qrvj2h5gE41X08NNzAAXvHdM4zwwGRcP2sHSxfu6n6No+ljWCVx95NvJPFTTjCTg==",
      "dev": true
    }
  }
}
